
Microsoft Visual Studio Solution File, Format Version 12.00
# Visual Studio 15
VisualStudioVersion = 15.0.27703.2026
MinimumVisualStudioVersion = 10.0.40219.1
Project("{FAE04EC0-301F-11D3-BF4B-00C04F79EFBC}") = "1_Задача", "1_Задача\1_Задача.csproj", "{293576C5-5E14-455E-8F5C-D5F17F6C3525}"
EndProject
Global
	GlobalSection(SolutionConfigurationPlatforms) = preSolution
		Debug|Any CPU = Debug|Any CPU
		Release|Any CPU = Release|Any CPU
	EndGlobalSection
	GlobalSection(ProjectConfigurationPlatforms) = postSolution
		{293576C5-5E14-455E-8F5C-D5F17F6C3525}.Debug|Any CPU.ActiveCfg = Debug|Any CPU
		{293576C5-5E14-455E-8F5C-D5F17F6C3525}.Debug|Any CPU.Build.0 = Debug|Any CPU
		{293576C5-5E14-455E-8F5C-D5F17F6C3525}.Release|Any CPU.ActiveCfg = Release|Any CPU
		{293576C5-5E14-455E-8F5C-D5F17F6C3525}.Release|Any CPU.Build.0 = Release|Any CPU
	EndGlobalSection
	GlobalSection(SolutionProperties) = preSolution
		HideSolutionNode = FALSE
	EndGlobalSection
	GlobalSection(ExtensibilityGlobals) = postSolution
		SolutionGuid = {21F3F6A7-C3F1-4726-AD78-1D2A25756CE4}
	EndGlobalSection
EndGlobal
